
Microsoft Visual Studio Solution File, Format Version 12.00
# Visual Studio Version 17
VisualStudioVersion = 17.1.32421.90
MinimumVisualStudioVersion = 10.0.40219.1
Project("{9A19103F-16F7-4668-BE54-9A1E7A4F7556}") = "PapaBlog.Entities", "PapaBlog.Entities\PapaBlog.Entities.csproj", "{18196794-6179-41E8-8F84-49BC1B0B428E}"
EndProject
Project("{9A19103F-16F7-4668-BE54-9A1E7A4F7556}") = "PapaBlog.Data", "PapaBlog.Data\PapaBlog.Data.csproj", "{E32B9B64-BEA6-4F68-870C-4B893188F0B7}"
EndProject
Project("{9A19103F-16F7-4668-BE54-9A1E7A4F7556}") = "PapaBlog.Services", "PapaBlog.Services\PapaBlog.Services.csproj", "{81FF6BA4-B62B-4D9E-BAAF-C94C882DE781}"
EndProject
Project("{9A19103F-16F7-4668-BE54-9A1E7A4F7556}") = "PapaBlog.Shared", "PapaBlog.Shared\PapaBlog.Shared.csproj", "{13D09F35-72BB-457F-8E2F-F757C806E116}"
EndProject
Project("{9A19103F-16F7-4668-BE54-9A1E7A4F7556}") = "PapaBlog.MvcWebUI", "PapaBlog.MvcWebUI\PapaBlog.MvcWebUI.csproj", "{06BE00A5-8F84-47FB-8DFE-432924E0960C}"
EndProject
Project("{FAE04EC0-301F-11D3-BF4B-00C04F79EFBC}") = "PapaBlog.Dtos", "PapaBlog.Dtos\PapaBlog.Dtos.csproj", "{EFB8E06F-D039-4DB5-A78A-913F4E578E9D}"
EndProject
Global
	GlobalSection(SolutionConfigurationPlatforms) = preSolution
		Debug|Any CPU = Debug|Any CPU
		Release|Any CPU = Release|Any CPU
	EndGlobalSection
	GlobalSection(ProjectConfigurationPlatforms) = postSolution
		{18196794-6179-41E8-8F84-49BC1B0B428E}.Debug|Any CPU.ActiveCfg = Debug|Any CPU
		{18196794-6179-41E8-8F84-49BC1B0B428E}.Debug|Any CPU.Build.0 = Debug|Any CPU
		{18196794-6179-41E8-8F84-49BC1B0B428E}.Release|Any CPU.ActiveCfg = Release|Any CPU
		{18196794-6179-41E8-8F84-49BC1B0B428E}.Release|Any CPU.Build.0 = Release|Any CPU
		{E32B9B64-BEA6-4F68-870C-4B893188F0B7}.Debug|Any CPU.ActiveCfg = Debug|Any CPU
		{E32B9B64-BEA6-4F68-870C-4B893188F0B7}.Debug|Any CPU.Build.0 = Debug|Any CPU
		{E32B9B64-BEA6-4F68-870C-4B893188F0B7}.Release|Any CPU.ActiveCfg = Release|Any CPU
		{E32B9B64-BEA6-4F68-870C-4B893188F0B7}.Release|Any CPU.Build.0 = Release|Any CPU
		{81FF6BA4-B62B-4D9E-BAAF-C94C882DE781}.Debug|Any CPU.ActiveCfg = Debug|Any CPU
		{81FF6BA4-B62B-4D9E-BAAF-C94C882DE781}.Debug|Any CPU.Build.0 = Debug|Any CPU
		{81FF6BA4-B62B-4D9E-BAAF-C94C882DE781}.Release|Any CPU.ActiveCfg = Release|Any CPU
		{81FF6BA4-B62B-4D9E-BAAF-C94C882DE781}.Release|Any CPU.Build.0 = Release|Any CPU
		{13D09F35-72BB-457F-8E2F-F757C806E116}.Debug|Any CPU.ActiveCfg = Debug|Any CPU
		{13D09F35-72BB-457F-8E2F-F757C806E116}.Debug|Any CPU.Build.0 = Debug|Any CPU
		{13D09F35-72BB-457F-8E2F-F757C806E116}.Release|Any CPU.ActiveCfg = Release|Any CPU
		{13D09F35-72BB-457F-8E2F-F757C806E116}.Release|Any CPU.Build.0 = Release|Any CPU
		{06BE00A5-8F84-47FB-8DFE-432924E0960C}.Debug|Any CPU.ActiveCfg = Debug|Any CPU
		{06BE00A5-8F84-47FB-8DFE-432924E0960C}.Debug|Any CPU.Build.0 = Debug|Any CPU
		{06BE00A5-8F84-47FB-8DFE-432924E0960C}.Release|Any CPU.ActiveCfg = Release|Any CPU
		{06BE00A5-8F84-47FB-8DFE-432924E0960C}.Release|Any CPU.Build.0 = Release|Any CPU
		{EFB8E06F-D039-4DB5-A78A-913F4E578E9D}.Debug|Any CPU.ActiveCfg = Debug|Any CPU
		{EFB8E06F-D039-4DB5-A78A-913F4E578E9D}.Debug|Any CPU.Build.0 = Debug|Any CPU
		{EFB8E06F-D039-4DB5-A78A-913F4E578E9D}.Release|Any CPU.ActiveCfg = Release|Any CPU
		{EFB8E06F-D039-4DB5-A78A-913F4E578E9D}.Release|Any CPU.Build.0 = Release|Any CPU
	EndGlobalSection
	GlobalSection(SolutionProperties) = preSolution
		HideSolutionNode = FALSE
	EndGlobalSection
	GlobalSection(ExtensibilityGlobals) = postSolution
		SolutionGuid = {EFD8CAD5-F91D-4341-9E11-88CD47923A93}
	EndGlobalSection
EndGlobal
